
Microsoft Visual Studio Solution File, Format Version 12.00
# Visual Studio 15
VisualStudioVersion = 15.0.28010.2050
MinimumVisualStudioVersion = 10.0.40219.1
Project("{8BC9CEB8-8B4A-11D0-8D11-00A0C91BC942}") = "Project1", "Project1\Project1.vcxproj", "{97077648-7191-4DD7-821C-CAE347C5F909}"
EndProject
Global
	GlobalSection(SolutionConfigurationPlatforms) = preSolution
		Debug|x64 = Debug|x64
		Debug|x86 = Debug|x86
		Release|x64 = Release|x64
		Release|x86 = Release|x86
	EndGlobalSection
	GlobalSection(ProjectConfigurationPlatforms) = postSolution
		{97077648-7191-4DD7-821C-CAE347C5F909}.Debug|x64.ActiveCfg = Debug|x64
		{97077648-7191-4DD7-821C-CAE347C5F909}.Debug|x64.Build.0 = Debug|x64
		{97077648-7191-4DD7-821C-CAE347C5F909}.Debug|x86.ActiveCfg = Debug|Win32
		{97077648-7191-4DD7-821C-CAE347C5F909}.Debug|x86.Build.0 = Debug|Win32
		{97077648-7191-4DD7-821C-CAE347C5F909}.Release|x64.ActiveCfg = Release|x64
		{97077648-7191-4DD7-821C-CAE347C5F909}.Release|x64.Build.0 = Release|x64
		{97077648-7191-4DD7-821C-CAE347C5F909}.Release|x86.ActiveCfg = Release|Win32
		{97077648-7191-4DD7-821C-CAE347C5F909}.Release|x86.Build.0 = Release|Win32
	EndGlobalSection
	GlobalSection(SolutionProperties) = preSolution
		HideSolutionNode = FALSE
	EndGlobalSection
	GlobalSection(ExtensibilityGlobals) = postSolution
		SolutionGuid = {0A79E5F8-6C97-4F8A-9187-36B268CABBDA}
	EndGlobalSection
EndGlobal
