
Microsoft Visual Studio Solution File, Format Version 12.00
# Visual Studio 15
VisualStudioVersion = 15.0.28307.645
MinimumVisualStudioVersion = 10.0.40219.1
Project("{888888A0-9F3D-457C-B088-3A5042F75D52}") = "Rectangle_Encapsulation", "Rectangle_Encapsulation.pyproj", "{F0C8D3AA-3CB4-4F17-B1E6-3B9E03620361}"
EndProject
Global
	GlobalSection(SolutionConfigurationPlatforms) = preSolution
		Debug|Any CPU = Debug|Any CPU
		Release|Any CPU = Release|Any CPU
	EndGlobalSection
	GlobalSection(ProjectConfigurationPlatforms) = postSolution
		{F0C8D3AA-3CB4-4F17-B1E6-3B9E03620361}.Debug|Any CPU.ActiveCfg = Debug|Any CPU
		{F0C8D3AA-3CB4-4F17-B1E6-3B9E03620361}.Release|Any CPU.ActiveCfg = Release|Any CPU
	EndGlobalSection
	GlobalSection(SolutionProperties) = preSolution
		HideSolutionNode = FALSE
	EndGlobalSection
	GlobalSection(ExtensibilityGlobals) = postSolution
		SolutionGuid = {A26EE593-5027-441A-8C69-E333D0252462}
	EndGlobalSection
EndGlobal
