
Microsoft Visual Studio Solution File, Format Version 12.00
# Visual Studio 15
VisualStudioVersion = 15.0.28307.572
MinimumVisualStudioVersion = 10.0.40219.1
Project("{8BC9CEB8-8B4A-11D0-8D11-00A0C91BC942}") = "期中二考練習3_Point", "期中二考練習3_Point\期中二考練習3_Point.vcxproj", "{5CB35FE6-6704-4B37-9AA7-88E9659F0F34}"
EndProject
Global
	GlobalSection(SolutionConfigurationPlatforms) = preSolution
		Debug|x64 = Debug|x64
		Debug|x86 = Debug|x86
		Release|x64 = Release|x64
		Release|x86 = Release|x86
	EndGlobalSection
	GlobalSection(ProjectConfigurationPlatforms) = postSolution
		{5CB35FE6-6704-4B37-9AA7-88E9659F0F34}.Debug|x64.ActiveCfg = Debug|x64
		{5CB35FE6-6704-4B37-9AA7-88E9659F0F34}.Debug|x64.Build.0 = Debug|x64
		{5CB35FE6-6704-4B37-9AA7-88E9659F0F34}.Debug|x86.ActiveCfg = Debug|Win32
		{5CB35FE6-6704-4B37-9AA7-88E9659F0F34}.Debug|x86.Build.0 = Debug|Win32
		{5CB35FE6-6704-4B37-9AA7-88E9659F0F34}.Release|x64.ActiveCfg = Release|x64
		{5CB35FE6-6704-4B37-9AA7-88E9659F0F34}.Release|x64.Build.0 = Release|x64
		{5CB35FE6-6704-4B37-9AA7-88E9659F0F34}.Release|x86.ActiveCfg = Release|Win32
		{5CB35FE6-6704-4B37-9AA7-88E9659F0F34}.Release|x86.Build.0 = Release|Win32
	EndGlobalSection
	GlobalSection(SolutionProperties) = preSolution
		HideSolutionNode = FALSE
	EndGlobalSection
	GlobalSection(ExtensibilityGlobals) = postSolution
		SolutionGuid = {F84BAC54-0E66-4365-BB8E-9FFEAE24AAB3}
	EndGlobalSection
EndGlobal
